// !$*UTF8*$!
{
	archiveVersion = 1;
	classes = {
	};
	objectVersion = 54;
	objects = {

/* Begin PBXBuildFile section */
		320BF6D5257E9F9D004D359F /* MockS3Client.swift in Sources */ = {isa = PBXBuildFile; fileRef = 320BF6D4257E9F9D004D359F /* MockS3Client.swift */; };
		320BF725257ED393004D359F /* StorageTests.swift in Sources */ = {isa = PBXBuildFile; fileRef = 320BF724257ED393004D359F /* StorageTests.swift */; };
		325BC6D325895AA4001AE24C /* ContentBlockerBuilderTests.swift in Sources */ = {isa = PBXBuildFile; fileRef = 325BC6D225895AA4001AE24C /* ContentBlockerBuilderTests.swift */; };
		327D6A5625897D1E0044137B /* testRuleset.json in Resources */ = {isa = PBXBuildFile; fileRef = 327D6A5525897D1E0044137B /* testRuleset.json */; };
		32898AF8256C463100E9FDA8 /* AppDelegate.swift in Sources */ = {isa = PBXBuildFile; fileRef = 32898AF7256C463100E9FDA8 /* AppDelegate.swift */; };
		32898AFA256C463100E9FDA8 /* SceneDelegate.swift in Sources */ = {isa = PBXBuildFile; fileRef = 32898AF9256C463100E9FDA8 /* SceneDelegate.swift */; };
		32898AFC256C463100E9FDA8 /* ViewController.swift in Sources */ = {isa = PBXBuildFile; fileRef = 32898AFB256C463100E9FDA8 /* ViewController.swift */; };
		32898AFF256C463100E9FDA8 /* Main.storyboard in Resources */ = {isa = PBXBuildFile; fileRef = 32898AFD256C463100E9FDA8 /* Main.storyboard */; };
		32898B01256C463400E9FDA8 /* Assets.xcassets in Resources */ = {isa = PBXBuildFile; fileRef = 32898B00256C463400E9FDA8 /* Assets.xcassets */; };
		32898B04256C463400E9FDA8 /* LaunchScreen.storyboard in Resources */ = {isa = PBXBuildFile; fileRef = 32898B02256C463400E9FDA8 /* LaunchScreen.storyboard */; };
		3290A54F2562FAD500AAC0A4 /* SudoAdTrackerBlockerTests.swift in Sources */ = {isa = PBXBuildFile; fileRef = 3290A54E2562FAD500AAC0A4 /* SudoAdTrackerBlockerTests.swift */; };
		32EA8181256C3DE30086AE07 /* SudoAdTrackerBlockerIntegrationTests.swift in Sources */ = {isa = PBXBuildFile; fileRef = 32EA8180256C3DE30086AE07 /* SudoAdTrackerBlockerIntegrationTests.swift */; };
		419BB8522D76CA9E00836019 /* SudoConfigManagerMock.swift in Sources */ = {isa = PBXBuildFile; fileRef = 419BB8512D76CA9E00836019 /* SudoConfigManagerMock.swift */; };
		E2BF3AC226BB2F4000A16FD9 /* ConfigTests.swift in Sources */ = {isa = PBXBuildFile; fileRef = E2BF3AC126BB2F4000A16FD9 /* ConfigTests.swift */; };
		E2BF3AC426BB368C00A16FD9 /* testConfig.json in Resources */ = {isa = PBXBuildFile; fileRef = E2BF3AC326BB368C00A16FD9 /* testConfig.json */; };
		E2CA86AE2D553ABD00FACA3E /* SudoAdTrackerBlocker in Frameworks */ = {isa = PBXBuildFile; productRef = E2CA86AD2D553ABD00FACA3E /* SudoAdTrackerBlocker */; };
		E2CA86B02D553AC100FACA3E /* SudoAdTrackerBlocker in Frameworks */ = {isa = PBXBuildFile; productRef = E2CA86AF2D553AC100FACA3E /* SudoAdTrackerBlocker */; };
		E2FC4DEE2A6EED8200566CA6 /* IntegrationTestBase.swift in Sources */ = {isa = PBXBuildFile; fileRef = E2FC4DED2A6EED8200566CA6 /* IntegrationTestBase.swift */; };
/* End PBXBuildFile section */

/* Begin PBXContainerItemProxy section */
		32898B0E256C469C00E9FDA8 /* PBXContainerItemProxy */ = {
			isa = PBXContainerItemProxy;
			containerPortal = 3290A5372562FAD500AAC0A4 /* Project object */;
			proxyType = 1;
			remoteGlobalIDString = 32898AF4256C463100E9FDA8;
			remoteInfo = TestHost;
		};
		41E805672D7FCD7600EBA8B9 /* PBXContainerItemProxy */ = {
			isa = PBXContainerItemProxy;
			containerPortal = 3290A5372562FAD500AAC0A4 /* Project object */;
			proxyType = 1;
			remoteGlobalIDString = 32898AF4256C463100E9FDA8;
			remoteInfo = TestHost;
		};
/* End PBXContainerItemProxy section */

/* Begin PBXFileReference section */
		320BF6D4257E9F9D004D359F /* MockS3Client.swift */ = {isa = PBXFileReference; lastKnownFileType = sourcecode.swift; path = MockS3Client.swift; sourceTree = "<group>"; };
		320BF724257ED393004D359F /* StorageTests.swift */ = {isa = PBXFileReference; lastKnownFileType = sourcecode.swift; path = StorageTests.swift; sourceTree = "<group>"; };
		325BC6A825887177001AE24C /* ContentBlocker.swift */ = {isa = PBXFileReference; lastKnownFileType = sourcecode.swift; path = ContentBlocker.swift; sourceTree = "<group>"; };
		325BC6D225895AA4001AE24C /* ContentBlockerBuilderTests.swift */ = {isa = PBXFileReference; lastKnownFileType = sourcecode.swift; path = ContentBlockerBuilderTests.swift; sourceTree = "<group>"; };
		327D6A5525897D1E0044137B /* testRuleset.json */ = {isa = PBXFileReference; fileEncoding = 4; lastKnownFileType = text.json; path = testRuleset.json; sourceTree = "<group>"; };
		32898AF5256C463100E9FDA8 /* TestHost.app */ = {isa = PBXFileReference; explicitFileType = wrapper.application; includeInIndex = 0; path = TestHost.app; sourceTree = BUILT_PRODUCTS_DIR; };
		32898AF7256C463100E9FDA8 /* AppDelegate.swift */ = {isa = PBXFileReference; lastKnownFileType = sourcecode.swift; path = AppDelegate.swift; sourceTree = "<group>"; };
		32898AF9256C463100E9FDA8 /* SceneDelegate.swift */ = {isa = PBXFileReference; lastKnownFileType = sourcecode.swift; path = SceneDelegate.swift; sourceTree = "<group>"; };
		32898AFB256C463100E9FDA8 /* ViewController.swift */ = {isa = PBXFileReference; lastKnownFileType = sourcecode.swift; path = ViewController.swift; sourceTree = "<group>"; };
		32898AFE256C463100E9FDA8 /* Base */ = {isa = PBXFileReference; lastKnownFileType = file.storyboard; name = Base; path = Base.lproj/Main.storyboard; sourceTree = "<group>"; };
		32898B00256C463400E9FDA8 /* Assets.xcassets */ = {isa = PBXFileReference; lastKnownFileType = folder.assetcatalog; path = Assets.xcassets; sourceTree = "<group>"; };
		32898B03256C463400E9FDA8 /* Base */ = {isa = PBXFileReference; lastKnownFileType = file.storyboard; name = Base; path = Base.lproj/LaunchScreen.storyboard; sourceTree = "<group>"; };
		32898B05256C463400E9FDA8 /* Info.plist */ = {isa = PBXFileReference; lastKnownFileType = text.plist.xml; path = Info.plist; sourceTree = "<group>"; };
		32898B0D256C464B00E9FDA8 /* TestHost.entitlements */ = {isa = PBXFileReference; lastKnownFileType = text.plist.entitlements; path = TestHost.entitlements; sourceTree = "<group>"; };
		3290A5432562FAD500AAC0A4 /* SudoAdTrackerBlocker.h */ = {isa = PBXFileReference; lastKnownFileType = sourcecode.c.h; path = SudoAdTrackerBlocker.h; sourceTree = "<group>"; };
		3290A5442562FAD500AAC0A4 /* Info.plist */ = {isa = PBXFileReference; lastKnownFileType = text.plist.xml; path = Info.plist; sourceTree = "<group>"; };
		3290A5492562FAD500AAC0A4 /* SudoAdTrackerBlockerTests.xctest */ = {isa = PBXFileReference; explicitFileType = wrapper.cfbundle; includeInIndex = 0; path = SudoAdTrackerBlockerTests.xctest; sourceTree = BUILT_PRODUCTS_DIR; };
		3290A54E2562FAD500AAC0A4 /* SudoAdTrackerBlockerTests.swift */ = {isa = PBXFileReference; lastKnownFileType = sourcecode.swift; path = SudoAdTrackerBlockerTests.swift; sourceTree = "<group>"; };
		3290A5502562FAD500AAC0A4 /* Info.plist */ = {isa = PBXFileReference; lastKnownFileType = text.plist.xml; path = Info.plist; sourceTree = "<group>"; };
		32EA817E256C3DE30086AE07 /* SudoAdTrackerBlockerIntegrationTests.xctest */ = {isa = PBXFileReference; explicitFileType = wrapper.cfbundle; includeInIndex = 0; path = SudoAdTrackerBlockerIntegrationTests.xctest; sourceTree = BUILT_PRODUCTS_DIR; };
		32EA8180256C3DE30086AE07 /* SudoAdTrackerBlockerIntegrationTests.swift */ = {isa = PBXFileReference; lastKnownFileType = sourcecode.swift; path = SudoAdTrackerBlockerIntegrationTests.swift; sourceTree = "<group>"; };
		32EA8182256C3DE30086AE07 /* Info.plist */ = {isa = PBXFileReference; lastKnownFileType = text.plist.xml; path = Info.plist; sourceTree = "<group>"; };
		32F1FD3525757D8F00A8FCCE /* S3Client.swift */ = {isa = PBXFileReference; lastKnownFileType = sourcecode.swift; path = S3Client.swift; sourceTree = "<group>"; };
		32F1FD3B2575800B00A8FCCE /* SudoAdTrackerBlockerClient.swift */ = {isa = PBXFileReference; lastKnownFileType = sourcecode.swift; path = SudoAdTrackerBlockerClient.swift; sourceTree = "<group>"; };
		32F1FD472575E69F00A8FCCE /* SudoAdTrackerBlockerConfig.swift */ = {isa = PBXFileReference; lastKnownFileType = sourcecode.swift; path = SudoAdTrackerBlockerConfig.swift; sourceTree = "<group>"; };
		32F1FD4D2576A59100A8FCCE /* Ruleset.swift */ = {isa = PBXFileReference; lastKnownFileType = sourcecode.swift; path = Ruleset.swift; sourceTree = "<group>"; };
		32F7342D257AC1A5008231FF /* StorageProvider.swift */ = {isa = PBXFileReference; lastKnownFileType = sourcecode.swift; path = StorageProvider.swift; sourceTree = "<group>"; };
		419BB84B2D76BD4600836019 /* Logger+Extensions.swift */ = {isa = PBXFileReference; lastKnownFileType = sourcecode.swift; path = "Logger+Extensions.swift"; sourceTree = "<group>"; };
		419BB84E2D76C59F00836019 /* RulesetTransformer.swift */ = {isa = PBXFileReference; lastKnownFileType = sourcecode.swift; path = RulesetTransformer.swift; sourceTree = "<group>"; };
		419BB8512D76CA9E00836019 /* SudoConfigManagerMock.swift */ = {isa = PBXFileReference; lastKnownFileType = sourcecode.swift; path = SudoConfigManagerMock.swift; sourceTree = "<group>"; };
		CA9C3BFF25A64D2E009CC3F3 /* ContentBlockerBuilder.swift */ = {isa = PBXFileReference; lastKnownFileType = sourcecode.swift; path = ContentBlockerBuilder.swift; sourceTree = "<group>"; };
		CE362E9E258BFB56004A56D8 /* ExceptionProvider.swift */ = {isa = PBXFileReference; lastKnownFileType = sourcecode.swift; path = ExceptionProvider.swift; sourceTree = "<group>"; };
		CE362EA925912C05004A56D8 /* FileManager+Extensions.swift */ = {isa = PBXFileReference; lastKnownFileType = sourcecode.swift; path = "FileManager+Extensions.swift"; sourceTree = "<group>"; };
		E2BF3AC126BB2F4000A16FD9 /* ConfigTests.swift */ = {isa = PBXFileReference; lastKnownFileType = sourcecode.swift; path = ConfigTests.swift; sourceTree = "<group>"; };
		E2BF3AC326BB368C00A16FD9 /* testConfig.json */ = {isa = PBXFileReference; fileEncoding = 4; lastKnownFileType = text.json; path = testConfig.json; sourceTree = "<group>"; };
		E2FC4DED2A6EED8200566CA6 /* IntegrationTestBase.swift */ = {isa = PBXFileReference; lastKnownFileType = sourcecode.swift; path = IntegrationTestBase.swift; sourceTree = "<group>"; };
/* End PBXFileReference section */

/* Begin PBXFrameworksBuildPhase section */
		32898AF2256C463100E9FDA8 /* Frameworks */ = {
			isa = PBXFrameworksBuildPhase;
			buildActionMask = 2147483647;
			files = (
			);
			runOnlyForDeploymentPostprocessing = 0;
		};
		3290A5462562FAD500AAC0A4 /* Frameworks */ = {
			isa = PBXFrameworksBuildPhase;
			buildActionMask = 2147483647;
			files = (
				E2CA86AE2D553ABD00FACA3E /* SudoAdTrackerBlocker in Frameworks */,
			);
			runOnlyForDeploymentPostprocessing = 0;
		};
		32EA817B256C3DE30086AE07 /* Frameworks */ = {
			isa = PBXFrameworksBuildPhase;
			buildActionMask = 2147483647;
			files = (
				E2CA86B02D553AC100FACA3E /* SudoAdTrackerBlocker in Frameworks */,
			);
			runOnlyForDeploymentPostprocessing = 0;
		};
/* End PBXFrameworksBuildPhase section */

/* Begin PBXGroup section */
		32898AF6256C463100E9FDA8 /* TestHost */ = {
			isa = PBXGroup;
			children = (
				32898B0D256C464B00E9FDA8 /* TestHost.entitlements */,
				32898AF7256C463100E9FDA8 /* AppDelegate.swift */,
				32898AF9256C463100E9FDA8 /* SceneDelegate.swift */,
				32898AFB256C463100E9FDA8 /* ViewController.swift */,
				32898AFD256C463100E9FDA8 /* Main.storyboard */,
				32898B00256C463400E9FDA8 /* Assets.xcassets */,
				32898B02256C463400E9FDA8 /* LaunchScreen.storyboard */,
				32898B05256C463400E9FDA8 /* Info.plist */,
			);
			path = TestHost;
			sourceTree = "<group>";
		};
		3290A5362562FAD500AAC0A4 = {
			isa = PBXGroup;
			children = (
				3290A5422562FAD500AAC0A4 /* SudoAdTrackerBlocker */,
				3290A54D2562FAD500AAC0A4 /* SudoAdTrackerBlockerTests */,
				32EA817F256C3DE30086AE07 /* SudoAdTrackerBlockerIntegrationTests */,
				32898AF6256C463100E9FDA8 /* TestHost */,
				3290A5412562FAD500AAC0A4 /* Products */,
				E2CA86AC2D553ABD00FACA3E /* Frameworks */,
			);
			sourceTree = "<group>";
		};
		3290A5412562FAD500AAC0A4 /* Products */ = {
			isa = PBXGroup;
			children = (
				3290A5492562FAD500AAC0A4 /* SudoAdTrackerBlockerTests.xctest */,
				32EA817E256C3DE30086AE07 /* SudoAdTrackerBlockerIntegrationTests.xctest */,
				32898AF5256C463100E9FDA8 /* TestHost.app */,
			);
			name = Products;
			sourceTree = "<group>";
		};
		3290A5422562FAD500AAC0A4 /* SudoAdTrackerBlocker */ = {
			isa = PBXGroup;
			children = (
				419BB8482D76BCFB00836019 /* Internal */,
				419BB8472D76BCF600836019 /* Public */,
				32F1FD3B2575800B00A8FCCE /* SudoAdTrackerBlockerClient.swift */,
				3290A5442562FAD500AAC0A4 /* Info.plist */,
				3290A5432562FAD500AAC0A4 /* SudoAdTrackerBlocker.h */,
			);
			path = SudoAdTrackerBlocker;
			sourceTree = "<group>";
		};
		3290A54D2562FAD500AAC0A4 /* SudoAdTrackerBlockerTests */ = {
			isa = PBXGroup;
			children = (
				419BB84F2D76CA8D00836019 /* Resources */,
				419BB8532D76CBDB00836019 /* Sources */,
				3290A5502562FAD500AAC0A4 /* Info.plist */,
			);
			path = SudoAdTrackerBlockerTests;
			sourceTree = "<group>";
		};
		32EA817F256C3DE30086AE07 /* SudoAdTrackerBlockerIntegrationTests */ = {
			isa = PBXGroup;
			children = (
				32EA8182256C3DE30086AE07 /* Info.plist */,
				32EA8180256C3DE30086AE07 /* SudoAdTrackerBlockerIntegrationTests.swift */,
				E2FC4DED2A6EED8200566CA6 /* IntegrationTestBase.swift */,
			);
			path = SudoAdTrackerBlockerIntegrationTests;
			sourceTree = "<group>";
		};
		419BB8472D76BCF600836019 /* Public */ = {
			isa = PBXGroup;
			children = (
				419BB8492D76BD0B00836019 /* Entities */,
			);
			path = Public;
			sourceTree = "<group>";
		};
		419BB8482D76BCFB00836019 /* Internal */ = {
			isa = PBXGroup;
			children = (
				419BB84C2D76BD6800836019 /* Utilities */,
				419BB84A2D76BD3500836019 /* Extensions */,
			);
			path = Internal;
			sourceTree = "<group>";
		};
		419BB8492D76BD0B00836019 /* Entities */ = {
			isa = PBXGroup;
			children = (
				325BC6A825887177001AE24C /* ContentBlocker.swift */,
				32F1FD4D2576A59100A8FCCE /* Ruleset.swift */,
				32F1FD472575E69F00A8FCCE /* SudoAdTrackerBlockerConfig.swift */,
			);
			path = Entities;
			sourceTree = "<group>";
		};
		419BB84A2D76BD3500836019 /* Extensions */ = {
			isa = PBXGroup;
			children = (
				CE362EA925912C05004A56D8 /* FileManager+Extensions.swift */,
				419BB84B2D76BD4600836019 /* Logger+Extensions.swift */,
			);
			path = Extensions;
			sourceTree = "<group>";
		};
		419BB84C2D76BD6800836019 /* Utilities */ = {
			isa = PBXGroup;
			children = (
				CA9C3BFF25A64D2E009CC3F3 /* ContentBlockerBuilder.swift */,
				CE362E9E258BFB56004A56D8 /* ExceptionProvider.swift */,
				32F1FD3525757D8F00A8FCCE /* S3Client.swift */,
				32F7342D257AC1A5008231FF /* StorageProvider.swift */,
				419BB84E2D76C59F00836019 /* RulesetTransformer.swift */,
			);
			path = Utilities;
			sourceTree = "<group>";
		};
		419BB84F2D76CA8D00836019 /* Resources */ = {
			isa = PBXGroup;
			children = (
				327D6A5525897D1E0044137B /* testRuleset.json */,
				E2BF3AC326BB368C00A16FD9 /* testConfig.json */,
			);
			path = Resources;
			sourceTree = "<group>";
		};
		419BB8502D76CA9400836019 /* Mocks */ = {
			isa = PBXGroup;
			children = (
				E2BF3AC126BB2F4000A16FD9 /* ConfigTests.swift */,
				320BF6D4257E9F9D004D359F /* MockS3Client.swift */,
				419BB8512D76CA9E00836019 /* SudoConfigManagerMock.swift */,
			);
			path = Mocks;
			sourceTree = "<group>";
		};
		419BB8532D76CBDB00836019 /* Sources */ = {
			isa = PBXGroup;
			children = (
				419BB8502D76CA9400836019 /* Mocks */,
				325BC6D225895AA4001AE24C /* ContentBlockerBuilderTests.swift */,
				320BF724257ED393004D359F /* StorageTests.swift */,
				3290A54E2562FAD500AAC0A4 /* SudoAdTrackerBlockerTests.swift */,
			);
			path = Sources;
			sourceTree = "<group>";
		};
		E2CA86AC2D553ABD00FACA3E /* Frameworks */ = {
			isa = PBXGroup;
			children = (
			);
			name = Frameworks;
			sourceTree = "<group>";
		};
/* End PBXGroup section */

/* Begin PBXNativeTarget section */
		32898AF4256C463100E9FDA8 /* TestHost */ = {
			isa = PBXNativeTarget;
			buildConfigurationList = 32898B06256C463400E9FDA8 /* Build configuration list for PBXNativeTarget "TestHost" */;
			buildPhases = (
				32898AF1256C463100E9FDA8 /* Sources */,
				32898AF2256C463100E9FDA8 /* Frameworks */,
				32898AF3256C463100E9FDA8 /* Resources */,
				32898B97256C6E5500E9FDA8 /* ShellScript */,
			);
			buildRules = (
			);
			dependencies = (
			);
			name = TestHost;
			productName = TestHost;
			productReference = 32898AF5256C463100E9FDA8 /* TestHost.app */;
			productType = "com.apple.product-type.application";
		};
		3290A5482562FAD500AAC0A4 /* SudoAdTrackerBlockerTests */ = {
			isa = PBXNativeTarget;
			buildConfigurationList = 3290A5572562FAD500AAC0A4 /* Build configuration list for PBXNativeTarget "SudoAdTrackerBlockerTests" */;
			buildPhases = (
				3290A5452562FAD500AAC0A4 /* Sources */,
				3290A5462562FAD500AAC0A4 /* Frameworks */,
				3290A5472562FAD500AAC0A4 /* Resources */,
				32898B92256C6C9E00E9FDA8 /* Copy Config to Bundle */,
			);
			buildRules = (
			);
			dependencies = (
				41E805682D7FCD7600EBA8B9 /* PBXTargetDependency */,
			);
			name = SudoAdTrackerBlockerTests;
			productName = SudoAdTrackerBlockerTests;
			productReference = 3290A5492562FAD500AAC0A4 /* SudoAdTrackerBlockerTests.xctest */;
			productType = "com.apple.product-type.bundle.unit-test";
		};
		32EA817D256C3DE30086AE07 /* SudoAdTrackerBlockerIntegrationTests */ = {
			isa = PBXNativeTarget;
			buildConfigurationList = 32EA8188256C3DE30086AE07 /* Build configuration list for PBXNativeTarget "SudoAdTrackerBlockerIntegrationTests" */;
			buildPhases = (
				32EA817A256C3DE30086AE07 /* Sources */,
				32EA817B256C3DE30086AE07 /* Frameworks */,
				32EA817C256C3DE30086AE07 /* Resources */,
				32898B8D256C66A500E9FDA8 /* Copy Config to Bundle */,
			);
			buildRules = (
			);
			dependencies = (
				32898B0F256C469C00E9FDA8 /* PBXTargetDependency */,
			);
			name = SudoAdTrackerBlockerIntegrationTests;
			productName = SudoAdTrackerBlockerIntegrationTests;
			productReference = 32EA817E256C3DE30086AE07 /* SudoAdTrackerBlockerIntegrationTests.xctest */;
			productType = "com.apple.product-type.bundle.unit-test";
		};
/* End PBXNativeTarget section */

/* Begin PBXProject section */
		3290A5372562FAD500AAC0A4 /* Project object */ = {
			isa = PBXProject;
			attributes = {
				LastSwiftUpdateCheck = 1220;
				LastUpgradeCheck = 1200;
				TargetAttributes = {
					32898AF4256C463100E9FDA8 = {
						CreatedOnToolsVersion = 12.2;
					};
					3290A5482562FAD500AAC0A4 = {
						CreatedOnToolsVersion = 12.0;
						TestTargetID = 32898AF4256C463100E9FDA8;
					};
					32EA817D256C3DE30086AE07 = {
						CreatedOnToolsVersion = 12.2;
						TestTargetID = 32898AF4256C463100E9FDA8;
					};
				};
			};
			buildConfigurationList = 3290A53A2562FAD500AAC0A4 /* Build configuration list for PBXProject "SudoAdTrackerBlocker" */;
			compatibilityVersion = "Xcode 9.3";
			developmentRegion = en;
			hasScannedForEncodings = 0;
			knownRegions = (
				en,
				Base,
			);
			mainGroup = 3290A5362562FAD500AAC0A4;
			productRefGroup = 3290A5412562FAD500AAC0A4 /* Products */;
			projectDirPath = "";
			projectRoot = "";
			targets = (
				3290A5482562FAD500AAC0A4 /* SudoAdTrackerBlockerTests */,
				32EA817D256C3DE30086AE07 /* SudoAdTrackerBlockerIntegrationTests */,
				32898AF4256C463100E9FDA8 /* TestHost */,
			);
		};
/* End PBXProject section */

/* Begin PBXResourcesBuildPhase section */
		32898AF3256C463100E9FDA8 /* Resources */ = {
			isa = PBXResourcesBuildPhase;
			buildActionMask = 2147483647;
			files = (
				32898B04256C463400E9FDA8 /* LaunchScreen.storyboard in Resources */,
				32898B01256C463400E9FDA8 /* Assets.xcassets in Resources */,
				32898AFF256C463100E9FDA8 /* Main.storyboard in Resources */,
			);
			runOnlyForDeploymentPostprocessing = 0;
		};
		3290A5472562FAD500AAC0A4 /* Resources */ = {
			isa = PBXResourcesBuildPhase;
			buildActionMask = 2147483647;
			files = (
				327D6A5625897D1E0044137B /* testRuleset.json in Resources */,
				E2BF3AC426BB368C00A16FD9 /* testConfig.json in Resources */,
			);
			runOnlyForDeploymentPostprocessing = 0;
		};
		32EA817C256C3DE30086AE07 /* Resources */ = {
			isa = PBXResourcesBuildPhase;
			buildActionMask = 2147483647;
			files = (
			);
			runOnlyForDeploymentPostprocessing = 0;
		};
/* End PBXResourcesBuildPhase section */

/* Begin PBXShellScriptBuildPhase section */
		32898B8D256C66A500E9FDA8 /* Copy Config to Bundle */ = {
			isa = PBXShellScriptBuildPhase;
			buildActionMask = 2147483647;
			files = (
			);
			inputFileListPaths = (
			);
			inputPaths = (
			);
			name = "Copy Config to Bundle";
			outputFileListPaths = (
			);
			outputPaths = (
			);
			runOnlyForDeploymentPostprocessing = 0;
			shellPath = /bin/sh;
			shellScript = "cp -v -f config/* \"${TARGET_BUILD_DIR}/${UNLOCALIZED_RESOURCES_FOLDER_PATH}/\" || :\n";
		};
		32898B92256C6C9E00E9FDA8 /* Copy Config to Bundle */ = {
			isa = PBXShellScriptBuildPhase;
			buildActionMask = 2147483647;
			files = (
			);
			inputFileListPaths = (
			);
			inputPaths = (
			);
			name = "Copy Config to Bundle";
			outputFileListPaths = (
			);
			outputPaths = (
			);
			runOnlyForDeploymentPostprocessing = 0;
			shellPath = /bin/sh;
			shellScript = "echo \"Copying Config\"\ncp -f config/sudoplatformconfig.json \"${TARGET_BUILD_DIR}/${UNLOCALIZED_RESOURCES_FOLDER_PATH}/\" || :\n\necho \"Copy test key ID to bundle\"\nSOURCE=${PROJECT_DIR}/config/register_key.id \ncp -f ${SOURCE} \"${TARGET_BUILD_DIR}/${UNLOCALIZED_RESOURCES_FOLDER_PATH}/\"\n\necho \"Copy test key to bundle\"\nSOURCE=${PROJECT_DIR}/config/register_key.private \ncp -f ${SOURCE} \"${TARGET_BUILD_DIR}/${UNLOCALIZED_RESOURCES_FOLDER_PATH}/\"\n\necho Files copied:\nls ${TARGET_BUILD_DIR}/${UNLOCALIZED_RESOURCES_FOLDER_PATH}/\n";
		};
		32898B97256C6E5500E9FDA8 /* ShellScript */ = {
			isa = PBXShellScriptBuildPhase;
			buildActionMask = 2147483647;
			files = (
			);
			inputFileListPaths = (
			);
			inputPaths = (
			);
			outputFileListPaths = (
			);
			outputPaths = (
			);
			runOnlyForDeploymentPostprocessing = 0;
			shellPath = /bin/sh;
			shellScript = "echo \"Copying Config\"\ncp -f config/sudoplatformconfig.json \"${TARGET_BUILD_DIR}/${UNLOCALIZED_RESOURCES_FOLDER_PATH}/\" || :\n\necho \"Copy test key ID to bundle\"\nSOURCE=${PROJECT_DIR}/config/register_key.id \ncp -f ${SOURCE} \"${TARGET_BUILD_DIR}/${UNLOCALIZED_RESOURCES_FOLDER_PATH}/\"\n\necho \"Copy test key to bundle\"\nSOURCE=${PROJECT_DIR}/config/register_key.private \ncp -f ${SOURCE} \"${TARGET_BUILD_DIR}/${UNLOCALIZED_RESOURCES_FOLDER_PATH}/\"\n\necho Files copied:\nls ${TARGET_BUILD_DIR}/${UNLOCALIZED_RESOURCES_FOLDER_PATH}/\n";
		};
/* End PBXShellScriptBuildPhase section */

/* Begin PBXSourcesBuildPhase section */
		32898AF1256C463100E9FDA8 /* Sources */ = {
			isa = PBXSourcesBuildPhase;
			buildActionMask = 2147483647;
			files = (
				32898AFC256C463100E9FDA8 /* ViewController.swift in Sources */,
				32898AF8256C463100E9FDA8 /* AppDelegate.swift in Sources */,
				32898AFA256C463100E9FDA8 /* SceneDelegate.swift in Sources */,
			);
			runOnlyForDeploymentPostprocessing = 0;
		};
		3290A5452562FAD500AAC0A4 /* Sources */ = {
			isa = PBXSourcesBuildPhase;
			buildActionMask = 2147483647;
			files = (
				325BC6D325895AA4001AE24C /* ContentBlockerBuilderTests.swift in Sources */,
				419BB8522D76CA9E00836019 /* SudoConfigManagerMock.swift in Sources */,
				320BF725257ED393004D359F /* StorageTests.swift in Sources */,
				320BF6D5257E9F9D004D359F /* MockS3Client.swift in Sources */,
				E2BF3AC226BB2F4000A16FD9 /* ConfigTests.swift in Sources */,
				3290A54F2562FAD500AAC0A4 /* SudoAdTrackerBlockerTests.swift in Sources */,
			);
			runOnlyForDeploymentPostprocessing = 0;
		};
		32EA817A256C3DE30086AE07 /* Sources */ = {
			isa = PBXSourcesBuildPhase;
			buildActionMask = 2147483647;
			files = (
				32EA8181256C3DE30086AE07 /* SudoAdTrackerBlockerIntegrationTests.swift in Sources */,
				E2FC4DEE2A6EED8200566CA6 /* IntegrationTestBase.swift in Sources */,
			);
			runOnlyForDeploymentPostprocessing = 0;
		};
/* End PBXSourcesBuildPhase section */

/* Begin PBXTargetDependency section */
		32898B0F256C469C00E9FDA8 /* PBXTargetDependency */ = {
			isa = PBXTargetDependency;
			target = 32898AF4256C463100E9FDA8 /* TestHost */;
			targetProxy = 32898B0E256C469C00E9FDA8 /* PBXContainerItemProxy */;
		};
		41E805682D7FCD7600EBA8B9 /* PBXTargetDependency */ = {
			isa = PBXTargetDependency;
			target = 32898AF4256C463100E9FDA8 /* TestHost */;
			targetProxy = 41E805672D7FCD7600EBA8B9 /* PBXContainerItemProxy */;
		};
/* End PBXTargetDependency section */

/* Begin PBXVariantGroup section */
		32898AFD256C463100E9FDA8 /* Main.storyboard */ = {
			isa = PBXVariantGroup;
			children = (
				32898AFE256C463100E9FDA8 /* Base */,
			);
			name = Main.storyboard;
			sourceTree = "<group>";
		};
		32898B02256C463400E9FDA8 /* LaunchScreen.storyboard */ = {
			isa = PBXVariantGroup;
			children = (
				32898B03256C463400E9FDA8 /* Base */,
			);
			name = LaunchScreen.storyboard;
			sourceTree = "<group>";
		};
/* End PBXVariantGroup section */

/* Begin XCBuildConfiguration section */
		32898B07256C463400E9FDA8 /* Debug */ = {
			isa = XCBuildConfiguration;
			buildSettings = {
				ALWAYS_EMBED_SWIFT_STANDARD_LIBRARIES = "$(inherited)";
				ASSETCATALOG_COMPILER_APPICON_NAME = AppIcon;
				ASSETCATALOG_COMPILER_GLOBAL_ACCENT_COLOR_NAME = AccentColor;
				CODE_SIGN_ENTITLEMENTS = TestHost/TestHost.entitlements;
				CODE_SIGN_STYLE = Automatic;
				DEVELOPMENT_TEAM = UU2W43R8JA;
				INFOPLIST_FILE = TestHost/Info.plist;
				IPHONEOS_DEPLOYMENT_TARGET = 15.0;
				LD_RUNPATH_SEARCH_PATHS = (
					"$(inherited)",
					"@executable_path/Frameworks",
				);
				PRODUCT_BUNDLE_IDENTIFIER = com.sudoplatform.sudoadtrackerblocker.TestHost;
				PRODUCT_NAME = "$(TARGET_NAME)";
				SWIFT_VERSION = 5.0;
				TARGETED_DEVICE_FAMILY = "1,2";
			};
			name = Debug;
		};
		32898B08256C463400E9FDA8 /* Release */ = {
			isa = XCBuildConfiguration;
			buildSettings = {
				ALWAYS_EMBED_SWIFT_STANDARD_LIBRARIES = "$(inherited)";
				ASSETCATALOG_COMPILER_APPICON_NAME = AppIcon;
				ASSETCATALOG_COMPILER_GLOBAL_ACCENT_COLOR_NAME = AccentColor;
				CODE_SIGN_ENTITLEMENTS = TestHost/TestHost.entitlements;
				CODE_SIGN_STYLE = Automatic;
				DEVELOPMENT_TEAM = UU2W43R8JA;
				INFOPLIST_FILE = TestHost/Info.plist;
				IPHONEOS_DEPLOYMENT_TARGET = 15.0;
				LD_RUNPATH_SEARCH_PATHS = (
					"$(inherited)",
					"@executable_path/Frameworks",
				);
				PRODUCT_BUNDLE_IDENTIFIER = com.sudoplatform.sudoadtrackerblocker.TestHost;
				PRODUCT_NAME = "$(TARGET_NAME)";
				SWIFT_VERSION = 5.0;
				TARGETED_DEVICE_FAMILY = "1,2";
			};
			name = Release;
		};
		3290A5522562FAD500AAC0A4 /* Debug */ = {
			isa = XCBuildConfiguration;
			buildSettings = {
				ALWAYS_EMBED_SWIFT_STANDARD_LIBRARIES = "$(inherited)";
				ALWAYS_SEARCH_USER_PATHS = NO;
				CLANG_ANALYZER_NONNULL = YES;
				CLANG_ANALYZER_NUMBER_OBJECT_CONVERSION = YES_AGGRESSIVE;
				CLANG_CXX_LANGUAGE_STANDARD = "gnu++14";
				CLANG_CXX_LIBRARY = "libc++";
				CLANG_ENABLE_MODULES = YES;
				CLANG_ENABLE_OBJC_ARC = YES;
				CLANG_ENABLE_OBJC_WEAK = YES;
				CLANG_WARN_BLOCK_CAPTURE_AUTORELEASING = YES;
				CLANG_WARN_BOOL_CONVERSION = YES;
				CLANG_WARN_COMMA = YES;
				CLANG_WARN_CONSTANT_CONVERSION = YES;
				CLANG_WARN_DEPRECATED_OBJC_IMPLEMENTATIONS = YES;
				CLANG_WARN_DIRECT_OBJC_ISA_USAGE = YES_ERROR;
				CLANG_WARN_DOCUMENTATION_COMMENTS = YES;
				CLANG_WARN_EMPTY_BODY = YES;
				CLANG_WARN_ENUM_CONVERSION = YES;
				CLANG_WARN_INFINITE_RECURSION = YES;
				CLANG_WARN_INT_CONVERSION = YES;
				CLANG_WARN_NON_LITERAL_NULL_CONVERSION = YES;
				CLANG_WARN_OBJC_IMPLICIT_RETAIN_SELF = YES;
				CLANG_WARN_OBJC_LITERAL_CONVERSION = YES;
				CLANG_WARN_OBJC_ROOT_CLASS = YES_ERROR;
				CLANG_WARN_QUOTED_INCLUDE_IN_FRAMEWORK_HEADER = YES;
				CLANG_WARN_RANGE_LOOP_ANALYSIS = YES;
				CLANG_WARN_STRICT_PROTOTYPES = YES;
				CLANG_WARN_SUSPICIOUS_MOVE = YES;
				CLANG_WARN_UNGUARDED_AVAILABILITY = YES_AGGRESSIVE;
				CLANG_WARN_UNREACHABLE_CODE = YES;
				CLANG_WARN__DUPLICATE_METHOD_MATCH = YES;
				COPY_PHASE_STRIP = NO;
				CURRENT_PROJECT_VERSION = 1;
				DEBUG_INFORMATION_FORMAT = dwarf;
				ENABLE_STRICT_OBJC_MSGSEND = YES;
				ENABLE_TESTABILITY = YES;
				GCC_C_LANGUAGE_STANDARD = gnu11;
				GCC_DYNAMIC_NO_PIC = NO;
				GCC_NO_COMMON_BLOCKS = YES;
				GCC_OPTIMIZATION_LEVEL = 0;
				GCC_PREPROCESSOR_DEFINITIONS = (
					"DEBUG=1",
					"$(inherited)",
				);
				GCC_WARN_64_TO_32_BIT_CONVERSION = YES;
				GCC_WARN_ABOUT_RETURN_TYPE = YES_ERROR;
				GCC_WARN_UNDECLARED_SELECTOR = YES;
				GCC_WARN_UNINITIALIZED_AUTOS = YES_AGGRESSIVE;
				GCC_WARN_UNUSED_FUNCTION = YES;
				GCC_WARN_UNUSED_VARIABLE = YES;
				IPHONEOS_DEPLOYMENT_TARGET = 15.0;
				MTL_ENABLE_DEBUG_INFO = INCLUDE_SOURCE;
				MTL_FAST_MATH = YES;
				ONLY_ACTIVE_ARCH = YES;
				SDKROOT = iphoneos;
				SWIFT_ACTIVE_COMPILATION_CONDITIONS = DEBUG;
				SWIFT_OPTIMIZATION_LEVEL = "-Onone";
				VERSIONING_SYSTEM = "apple-generic";
				VERSION_INFO_PREFIX = "";
			};
			name = Debug;
		};
		3290A5532562FAD500AAC0A4 /* Release */ = {
			isa = XCBuildConfiguration;
			buildSettings = {
				ALWAYS_EMBED_SWIFT_STANDARD_LIBRARIES = "$(inherited)";
				ALWAYS_SEARCH_USER_PATHS = NO;
				CLANG_ANALYZER_NONNULL = YES;
				CLANG_ANALYZER_NUMBER_OBJECT_CONVERSION = YES_AGGRESSIVE;
				CLANG_CXX_LANGUAGE_STANDARD = "gnu++14";
				CLANG_CXX_LIBRARY = "libc++";
				CLANG_ENABLE_MODULES = YES;
				CLANG_ENABLE_OBJC_ARC = YES;
				CLANG_ENABLE_OBJC_WEAK = YES;
				CLANG_WARN_BLOCK_CAPTURE_AUTORELEASING = YES;
				CLANG_WARN_BOOL_CONVERSION = YES;
				CLANG_WARN_COMMA = YES;
				CLANG_WARN_CONSTANT_CONVERSION = YES;
				CLANG_WARN_DEPRECATED_OBJC_IMPLEMENTATIONS = YES;
				CLANG_WARN_DIRECT_OBJC_ISA_USAGE = YES_ERROR;
				CLANG_WARN_DOCUMENTATION_COMMENTS = YES;
				CLANG_WARN_EMPTY_BODY = YES;
				CLANG_WARN_ENUM_CONVERSION = YES;
				CLANG_WARN_INFINITE_RECURSION = YES;
				CLANG_WARN_INT_CONVERSION = YES;
				CLANG_WARN_NON_LITERAL_NULL_CONVERSION = YES;
				CLANG_WARN_OBJC_IMPLICIT_RETAIN_SELF = YES;
				CLANG_WARN_OBJC_LITERAL_CONVERSION = YES;
				CLANG_WARN_OBJC_ROOT_CLASS = YES_ERROR;
				CLANG_WARN_QUOTED_INCLUDE_IN_FRAMEWORK_HEADER = YES;
				CLANG_WARN_RANGE_LOOP_ANALYSIS = YES;
				CLANG_WARN_STRICT_PROTOTYPES = YES;
				CLANG_WARN_SUSPICIOUS_MOVE = YES;
				CLANG_WARN_UNGUARDED_AVAILABILITY = YES_AGGRESSIVE;
				CLANG_WARN_UNREACHABLE_CODE = YES;
				CLANG_WARN__DUPLICATE_METHOD_MATCH = YES;
				COPY_PHASE_STRIP = NO;
				CURRENT_PROJECT_VERSION = 1;
				DEBUG_INFORMATION_FORMAT = "dwarf-with-dsym";
				ENABLE_NS_ASSERTIONS = NO;
				ENABLE_STRICT_OBJC_MSGSEND = YES;
				GCC_C_LANGUAGE_STANDARD = gnu11;
				GCC_NO_COMMON_BLOCKS = YES;
				GCC_WARN_64_TO_32_BIT_CONVERSION = YES;
				GCC_WARN_ABOUT_RETURN_TYPE = YES_ERROR;
				GCC_WARN_UNDECLARED_SELECTOR = YES;
				GCC_WARN_UNINITIALIZED_AUTOS = YES_AGGRESSIVE;
				GCC_WARN_UNUSED_FUNCTION = YES;
				GCC_WARN_UNUSED_VARIABLE = YES;
				IPHONEOS_DEPLOYMENT_TARGET = 15.0;
				MTL_ENABLE_DEBUG_INFO = NO;
				MTL_FAST_MATH = YES;
				SDKROOT = iphoneos;
				SWIFT_COMPILATION_MODE = wholemodule;
				SWIFT_OPTIMIZATION_LEVEL = "-O";
				VALIDATE_PRODUCT = YES;
				VERSIONING_SYSTEM = "apple-generic";
				VERSION_INFO_PREFIX = "";
			};
			name = Release;
		};
		3290A5582562FAD500AAC0A4 /* Debug */ = {
			isa = XCBuildConfiguration;
			buildSettings = {
				ALWAYS_EMBED_SWIFT_STANDARD_LIBRARIES = "$(inherited)";
				CODE_SIGN_STYLE = Automatic;
				DEVELOPMENT_TEAM = UU2W43R8JA;
				INFOPLIST_FILE = SudoAdTrackerBlockerTests/Info.plist;
				IPHONEOS_DEPLOYMENT_TARGET = 15.0;
				LD_RUNPATH_SEARCH_PATHS = (
					"$(inherited)",
					"@executable_path/Frameworks",
					"@loader_path/Frameworks",
				);
				PRODUCT_BUNDLE_IDENTIFIER = com.sudoplatform.SudoAdTrackerBlockerTests;
				PRODUCT_NAME = "$(TARGET_NAME)";
				SWIFT_VERSION = 5.0;
				TARGETED_DEVICE_FAMILY = "1,2";
				TEST_HOST = "$(BUILT_PRODUCTS_DIR)/TestHost.app/$(BUNDLE_EXECUTABLE_FOLDER_PATH)/TestHost";
			};
			name = Debug;
		};
		3290A5592562FAD500AAC0A4 /* Release */ = {
			isa = XCBuildConfiguration;
			buildSettings = {
				ALWAYS_EMBED_SWIFT_STANDARD_LIBRARIES = "$(inherited)";
				CODE_SIGN_STYLE = Automatic;
				DEVELOPMENT_TEAM = UU2W43R8JA;
				INFOPLIST_FILE = SudoAdTrackerBlockerTests/Info.plist;
				IPHONEOS_DEPLOYMENT_TARGET = 15.0;
				LD_RUNPATH_SEARCH_PATHS = (
					"$(inherited)",
					"@executable_path/Frameworks",
					"@loader_path/Frameworks",
				);
				PRODUCT_BUNDLE_IDENTIFIER = com.sudoplatform.SudoAdTrackerBlockerTests;
				PRODUCT_NAME = "$(TARGET_NAME)";
				SWIFT_VERSION = 5.0;
				TARGETED_DEVICE_FAMILY = "1,2";
				TEST_HOST = "$(BUILT_PRODUCTS_DIR)/TestHost.app/$(BUNDLE_EXECUTABLE_FOLDER_PATH)/TestHost";
			};
			name = Release;
		};
		32EA8186256C3DE30086AE07 /* Debug */ = {
			isa = XCBuildConfiguration;
			buildSettings = {
				ALWAYS_EMBED_SWIFT_STANDARD_LIBRARIES = "$(inherited)";
				CODE_SIGN_STYLE = Automatic;
				DEVELOPMENT_TEAM = UU2W43R8JA;
				INFOPLIST_FILE = SudoAdTrackerBlockerIntegrationTests/Info.plist;
				IPHONEOS_DEPLOYMENT_TARGET = 15.0;
				LD_RUNPATH_SEARCH_PATHS = (
					"$(inherited)",
					"@executable_path/Frameworks",
					"@loader_path/Frameworks",
				);
				PRODUCT_BUNDLE_IDENTIFIER = com.sudoplatform.SudoAdTrackerBlockerIntegrationTests;
				PRODUCT_NAME = "$(TARGET_NAME)";
				SWIFT_VERSION = 5.0;
				TARGETED_DEVICE_FAMILY = "1,2";
				TEST_HOST = "$(BUILT_PRODUCTS_DIR)/TestHost.app/TestHost";
			};
			name = Debug;
		};
		32EA8187256C3DE30086AE07 /* Release */ = {
			isa = XCBuildConfiguration;
			buildSettings = {
				ALWAYS_EMBED_SWIFT_STANDARD_LIBRARIES = "$(inherited)";
				CODE_SIGN_STYLE = Automatic;
				DEVELOPMENT_TEAM = UU2W43R8JA;
				INFOPLIST_FILE = SudoAdTrackerBlockerIntegrationTests/Info.plist;
				IPHONEOS_DEPLOYMENT_TARGET = 15.0;
				LD_RUNPATH_SEARCH_PATHS = (
					"$(inherited)",
					"@executable_path/Frameworks",
					"@loader_path/Frameworks",
				);
				PRODUCT_BUNDLE_IDENTIFIER = com.sudoplatform.SudoAdTrackerBlockerIntegrationTests;
				PRODUCT_NAME = "$(TARGET_NAME)";
				SWIFT_VERSION = 5.0;
				TARGETED_DEVICE_FAMILY = "1,2";
				TEST_HOST = "$(BUILT_PRODUCTS_DIR)/TestHost.app/TestHost";
			};
			name = Release;
		};
/* End XCBuildConfiguration section */

/* Begin XCConfigurationList section */
		32898B06256C463400E9FDA8 /* Build configuration list for PBXNativeTarget "TestHost" */ = {
			isa = XCConfigurationList;
			buildConfigurations = (
				32898B07256C463400E9FDA8 /* Debug */,
				32898B08256C463400E9FDA8 /* Release */,
			);
			defaultConfigurationIsVisible = 0;
			defaultConfigurationName = Release;
		};
		3290A53A2562FAD500AAC0A4 /* Build configuration list for PBXProject "SudoAdTrackerBlocker" */ = {
			isa = XCConfigurationList;
			buildConfigurations = (
				3290A5522562FAD500AAC0A4 /* Debug */,
				3290A5532562FAD500AAC0A4 /* Release */,
			);
			defaultConfigurationIsVisible = 0;
			defaultConfigurationName = Release;
		};
		3290A5572562FAD500AAC0A4 /* Build configuration list for PBXNativeTarget "SudoAdTrackerBlockerTests" */ = {
			isa = XCConfigurationList;
			buildConfigurations = (
				3290A5582562FAD500AAC0A4 /* Debug */,
				3290A5592562FAD500AAC0A4 /* Release */,
			);
			defaultConfigurationIsVisible = 0;
			defaultConfigurationName = Release;
		};
		32EA8188256C3DE30086AE07 /* Build configuration list for PBXNativeTarget "SudoAdTrackerBlockerIntegrationTests" */ = {
			isa = XCConfigurationList;
			buildConfigurations = (
				32EA8186256C3DE30086AE07 /* Debug */,
				32EA8187256C3DE30086AE07 /* Release */,
			);
			defaultConfigurationIsVisible = 0;
			defaultConfigurationName = Release;
		};
/* End XCConfigurationList section */

/* Begin XCSwiftPackageProductDependency section */
		E2CA86AD2D553ABD00FACA3E /* SudoAdTrackerBlocker */ = {
			isa = XCSwiftPackageProductDependency;
			productName = SudoAdTrackerBlocker;
		};
		E2CA86AF2D553AC100FACA3E /* SudoAdTrackerBlocker */ = {
			isa = XCSwiftPackageProductDependency;
			productName = SudoAdTrackerBlocker;
		};
/* End XCSwiftPackageProductDependency section */
	};
	rootObject = 3290A5372562FAD500AAC0A4 /* Project object */;
}
